// !$*UTF8*$!
{
	archiveVersion = 1;
	classes = {
	};
	objectVersion = 46;
	objects = {

/* Begin PBXBuildFile section */
		245D39641D70BD8A00C3DA58 /* Pacifico.ttf in Resources */ = {isa = PBXBuildFile; fileRef = 245D39621D70BD8A00C3DA58 /* Pacifico.ttf */; };
		245D39651D70BD8A00C3DA58 /* SIL Open Font License.txt in Resources */ = {isa = PBXBuildFile; fileRef = 245D39631D70BD8A00C3DA58 /* SIL Open Font License.txt */; };
		245D39671D70C20900C3DA58 /* bGSignIn.png in Resources */ = {isa = PBXBuildFile; fileRef = 245D39661D70C20900C3DA58 /* bGSignIn.png */; };
		245D39691D70C75600C3DA58 /* bGSC.jpg in Resources */ = {isa = PBXBuildFile; fileRef = 245D39681D70C75600C3DA58 /* bGSC.jpg */; };
		245D396B1D7F3DDF00C3DA58 /* signUpBg.jpg in Resources */ = {isa = PBXBuildFile; fileRef = 245D396A1D7F3DDF00C3DA58 /* signUpBg.jpg */; };
		245D396D1D81CBC600C3DA58 /* HomeViewController.swift in Sources */ = {isa = PBXBuildFile; fileRef = 245D396C1D81CBC600C3DA58 /* HomeViewController.swift */; };
		245D396F1D81CC0300C3DA58 /* HeaderView.swift in Sources */ = {isa = PBXBuildFile; fileRef = 245D396E1D81CC0300C3DA58 /* HeaderView.swift */; };
		245D39711D81CF7300C3DA58 /* RecipeImageCell.swift in Sources */ = {isa = PBXBuildFile; fileRef = 245D39701D81CF7300C3DA58 /* RecipeImageCell.swift */; };
		245D39731D89CBB800C3DA58 /* followersViewController.swift in Sources */ = {isa = PBXBuildFile; fileRef = 245D39721D89CBB800C3DA58 /* followersViewController.swift */; };
		245D39751D89CBF100C3DA58 /* followersCell.swift in Sources */ = {isa = PBXBuildFile; fileRef = 245D39741D89CBF100C3DA58 /* followersCell.swift */; };
		245D39771D91030300C3DA58 /* guestViewController.swift in Sources */ = {isa = PBXBuildFile; fileRef = 245D39761D91030300C3DA58 /* guestViewController.swift */; };
		249AE7801D5B073B00CADCE4 /* AppDelegate.swift in Sources */ = {isa = PBXBuildFile; fileRef = 249AE77F1D5B073B00CADCE4 /* AppDelegate.swift */; };
		249AE7851D5B073B00CADCE4 /* Main.storyboard in Resources */ = {isa = PBXBuildFile; fileRef = 249AE7831D5B073B00CADCE4 /* Main.storyboard */; };
		249AE7881D5B073B00CADCE4 /* SocialChefTwoPointO.xcdatamodeld in Sources */ = {isa = PBXBuildFile; fileRef = 249AE7861D5B073B00CADCE4 /* SocialChefTwoPointO.xcdatamodeld */; };
		249AE78A1D5B073B00CADCE4 /* Assets.xcassets in Resources */ = {isa = PBXBuildFile; fileRef = 249AE7891D5B073B00CADCE4 /* Assets.xcassets */; };
		249AE78D1D5B073B00CADCE4 /* LaunchScreen.storyboard in Resources */ = {isa = PBXBuildFile; fileRef = 249AE78B1D5B073B00CADCE4 /* LaunchScreen.storyboard */; };
		249AE7981D5B073B00CADCE4 /* SocialChefTwoPointOTests.swift in Sources */ = {isa = PBXBuildFile; fileRef = 249AE7971D5B073B00CADCE4 /* SocialChefTwoPointOTests.swift */; };
		249AE7A31D5B073B00CADCE4 /* SocialChefTwoPointOUITests.swift in Sources */ = {isa = PBXBuildFile; fileRef = 249AE7A21D5B073B00CADCE4 /* SocialChefTwoPointOUITests.swift */; };
		249AE7B11D5B078C00CADCE4 /* libsqlite3.tbd in Frameworks */ = {isa = PBXBuildFile; fileRef = 249AE7B01D5B078C00CADCE4 /* libsqlite3.tbd */; };
		249AE7B31D5B07AF00CADCE4 /* libz.tbd in Frameworks */ = {isa = PBXBuildFile; fileRef = 249AE7B21D5B07AF00CADCE4 /* libz.tbd */; };
		249AE7B51D5B07BE00CADCE4 /* AudioToolbox.framework in Frameworks */ = {isa = PBXBuildFile; fileRef = 249AE7B41D5B07BE00CADCE4 /* AudioToolbox.framework */; };
		249AE7B71D5B07D200CADCE4 /* CFNetwork.framework in Frameworks */ = {isa = PBXBuildFile; fileRef = 249AE7B61D5B07D200CADCE4 /* CFNetwork.framework */; };
		249AE7B91D5B07E200CADCE4 /* CoreGraphics.framework in Frameworks */ = {isa = PBXBuildFile; fileRef = 249AE7B81D5B07E200CADCE4 /* CoreGraphics.framework */; };
		249AE7BB1D5B07FA00CADCE4 /* CoreLocation.framework in Frameworks */ = {isa = PBXBuildFile; fileRef = 249AE7BA1D5B07FA00CADCE4 /* CoreLocation.framework */; };
		249AE7BD1D5B080C00CADCE4 /* QuartzCore.framework in Frameworks */ = {isa = PBXBuildFile; fileRef = 249AE7BC1D5B080C00CADCE4 /* QuartzCore.framework */; };
		249AE7BF1D5B081E00CADCE4 /* Security.framework in Frameworks */ = {isa = PBXBuildFile; fileRef = 249AE7BE1D5B081E00CADCE4 /* Security.framework */; };
		249AE7C11D5B083100CADCE4 /* StoreKit.framework in Frameworks */ = {isa = PBXBuildFile; fileRef = 249AE7C01D5B083100CADCE4 /* StoreKit.framework */; };
		249AE7C31D5B084200CADCE4 /* SystemConfiguration.framework in Frameworks */ = {isa = PBXBuildFile; fileRef = 249AE7C21D5B084200CADCE4 /* SystemConfiguration.framework */; };
		249AE7CC1D5C584E00CADCE4 /* signInViewController.swift in Sources */ = {isa = PBXBuildFile; fileRef = 249AE7CB1D5C584E00CADCE4 /* signInViewController.swift */; };
		249AE7D01D5C58D900CADCE4 /* resetPasswordViewController.swift in Sources */ = {isa = PBXBuildFile; fileRef = 249AE7CF1D5C58D900CADCE4 /* resetPasswordViewController.swift */; };
		24B20EB61D94500800D530ED /* Bolts.framework in Frameworks */ = {isa = PBXBuildFile; fileRef = 24B20EB41D94500800D530ED /* Bolts.framework */; };
		24B20EB71D94500800D530ED /* Parse.framework in Frameworks */ = {isa = PBXBuildFile; fileRef = 24B20EB51D94500800D530ED /* Parse.framework */; };
		24B20EC61D94AF9700D530ED /* Bolts.framework in Frameworks */ = {isa = PBXBuildFile; fileRef = 24B20EB41D94500800D530ED /* Bolts.framework */; };
		24B20EC71D94AF9900D530ED /* Bolts.framework in Frameworks */ = {isa = PBXBuildFile; fileRef = 24B20EB41D94500800D530ED /* Bolts.framework */; };
		24B20EC81D94AFA100D530ED /* Parse.framework in Frameworks */ = {isa = PBXBuildFile; fileRef = 24B20EB51D94500800D530ED /* Parse.framework */; };
		24B20EC91D94AFA200D530ED /* Parse.framework in Frameworks */ = {isa = PBXBuildFile; fileRef = 24B20EB51D94500800D530ED /* Parse.framework */; };
		24B20ECE1D94BB4700D530ED /* signUpViewController.swift in Sources */ = {isa = PBXBuildFile; fileRef = 249AE7CD1D5C589300CADCE4 /* signUpViewController.swift */; };
		24B20ED21D94D3F800D530ED /* CoreFoundation.framework in Frameworks */ = {isa = PBXBuildFile; fileRef = 24B20ED11D94D3F700D530ED /* CoreFoundation.framework */; };
/* End PBXBuildFile section */

/* Begin PBXContainerItemProxy section */
		249AE7941D5B073B00CADCE4 /* PBXContainerItemProxy */ = {
			isa = PBXContainerItemProxy;
			containerPortal = 249AE7741D5B073B00CADCE4 /* Project object */;
			proxyType = 1;
			remoteGlobalIDString = 249AE77B1D5B073B00CADCE4;
			remoteInfo = SocialChefTwoPointO;
		};
		249AE79F1D5B073B00CADCE4 /* PBXContainerItemProxy */ = {
			isa = PBXContainerItemProxy;
			containerPortal = 249AE7741D5B073B00CADCE4 /* Project object */;
			proxyType = 1;
			remoteGlobalIDString = 249AE77B1D5B073B00CADCE4;
			remoteInfo = SocialChefTwoPointO;
		};
/* End PBXContainerItemProxy section */

/* Begin PBXFileReference section */
		245D39621D70BD8A00C3DA58 /* Pacifico.ttf */ = {isa = PBXFileReference; lastKnownFileType = file; name = Pacifico.ttf; path = pacificoFonts/Pacifico.ttf; sourceTree = "<group>"; };
		245D39631D70BD8A00C3DA58 /* SIL Open Font License.txt */ = {isa = PBXFileReference; fileEncoding = 4; lastKnownFileType = text; path = "SIL Open Font License.txt"; sourceTree = "<group>"; };
		245D39661D70C20900C3DA58 /* bGSignIn.png */ = {isa = PBXFileReference; lastKnownFileType = image.png; path = bGSignIn.png; sourceTree = "<group>"; };
		245D39681D70C75600C3DA58 /* bGSC.jpg */ = {isa = PBXFileReference; lastKnownFileType = image.jpeg; path = bGSC.jpg; sourceTree = "<group>"; };
		245D396A1D7F3DDF00C3DA58 /* signUpBg.jpg */ = {isa = PBXFileReference; lastKnownFileType = image.jpeg; path = signUpBg.jpg; sourceTree = "<group>"; };
		245D396C1D81CBC600C3DA58 /* HomeViewController.swift */ = {isa = PBXFileReference; fileEncoding = 4; lastKnownFileType = sourcecode.swift; path = HomeViewController.swift; sourceTree = "<group>"; };
		245D396E1D81CC0300C3DA58 /* HeaderView.swift */ = {isa = PBXFileReference; fileEncoding = 4; lastKnownFileType = sourcecode.swift; path = HeaderView.swift; sourceTree = "<group>"; };
		245D39701D81CF7300C3DA58 /* RecipeImageCell.swift */ = {isa = PBXFileReference; fileEncoding = 4; lastKnownFileType = sourcecode.swift; path = RecipeImageCell.swift; sourceTree = "<group>"; };
		245D39721D89CBB800C3DA58 /* followersViewController.swift */ = {isa = PBXFileReference; fileEncoding = 4; lastKnownFileType = sourcecode.swift; path = followersViewController.swift; sourceTree = "<group>"; };
		245D39741D89CBF100C3DA58 /* followersCell.swift */ = {isa = PBXFileReference; fileEncoding = 4; lastKnownFileType = sourcecode.swift; path = followersCell.swift; sourceTree = "<group>"; };
		245D39761D91030300C3DA58 /* guestViewController.swift */ = {isa = PBXFileReference; fileEncoding = 4; lastKnownFileType = sourcecode.swift; path = guestViewController.swift; sourceTree = "<group>"; };
		249AE77C1D5B073B00CADCE4 /* SocialChefTwoPointO.app */ = {isa = PBXFileReference; explicitFileType = wrapper.application; includeInIndex = 0; path = SocialChefTwoPointO.app; sourceTree = BUILT_PRODUCTS_DIR; };
		249AE77F1D5B073B00CADCE4 /* AppDelegate.swift */ = {isa = PBXFileReference; lastKnownFileType = sourcecode.swift; path = AppDelegate.swift; sourceTree = "<group>"; };
		249AE7841D5B073B00CADCE4 /* Base */ = {isa = PBXFileReference; lastKnownFileType = file.storyboard; name = Base; path = Base.lproj/Main.storyboard; sourceTree = "<group>"; };
		249AE7871D5B073B00CADCE4 /* SocialChefTwoPointO.xcdatamodel */ = {isa = PBXFileReference; lastKnownFileType = wrapper.xcdatamodel; path = SocialChefTwoPointO.xcdatamodel; sourceTree = "<group>"; };
		249AE7891D5B073B00CADCE4 /* Assets.xcassets */ = {isa = PBXFileReference; lastKnownFileType = folder.assetcatalog; path = Assets.xcassets; sourceTree = "<group>"; };
		249AE78C1D5B073B00CADCE4 /* Base */ = {isa = PBXFileReference; lastKnownFileType = file.storyboard; name = Base; path = Base.lproj/LaunchScreen.storyboard; sourceTree = "<group>"; };
		249AE78E1D5B073B00CADCE4 /* Info.plist */ = {isa = PBXFileReference; lastKnownFileType = text.plist.xml; path = Info.plist; sourceTree = "<group>"; };
		249AE7931D5B073B00CADCE4 /* SocialChefTwoPointOTests.xctest */ = {isa = PBXFileReference; explicitFileType = wrapper.cfbundle; includeInIndex = 0; path = SocialChefTwoPointOTests.xctest; sourceTree = BUILT_PRODUCTS_DIR; };
		249AE7971D5B073B00CADCE4 /* SocialChefTwoPointOTests.swift */ = {isa = PBXFileReference; lastKnownFileType = sourcecode.swift; path = SocialChefTwoPointOTests.swift; sourceTree = "<group>"; };
		249AE7991D5B073B00CADCE4 /* Info.plist */ = {isa = PBXFileReference; lastKnownFileType = text.plist.xml; path = Info.plist; sourceTree = "<group>"; };
		249AE79E1D5B073B00CADCE4 /* SocialChefTwoPointOUITests.xctest */ = {isa = PBXFileReference; explicitFileType = wrapper.cfbundle; includeInIndex = 0; path = SocialChefTwoPointOUITests.xctest; sourceTree = BUILT_PRODUCTS_DIR; };
		249AE7A21D5B073B00CADCE4 /* SocialChefTwoPointOUITests.swift */ = {isa = PBXFileReference; lastKnownFileType = sourcecode.swift; path = SocialChefTwoPointOUITests.swift; sourceTree = "<group>"; };
		249AE7A41D5B073B00CADCE4 /* Info.plist */ = {isa = PBXFileReference; lastKnownFileType = text.plist.xml; path = Info.plist; sourceTree = "<group>"; };
		249AE7B01D5B078C00CADCE4 /* libsqlite3.tbd */ = {isa = PBXFileReference; lastKnownFileType = "sourcecode.text-based-dylib-definition"; name = libsqlite3.tbd; path = usr/lib/libsqlite3.tbd; sourceTree = SDKROOT; };
		249AE7B21D5B07AF00CADCE4 /* libz.tbd */ = {isa = PBXFileReference; lastKnownFileType = "sourcecode.text-based-dylib-definition"; name = libz.tbd; path = usr/lib/libz.tbd; sourceTree = SDKROOT; };
		249AE7B41D5B07BE00CADCE4 /* AudioToolbox.framework */ = {isa = PBXFileReference; lastKnownFileType = wrapper.framework; name = AudioToolbox.framework; path = System/Library/Frameworks/AudioToolbox.framework; sourceTree = SDKROOT; };
		249AE7B61D5B07D200CADCE4 /* CFNetwork.framework */ = {isa = PBXFileReference; lastKnownFileType = wrapper.framework; name = CFNetwork.framework; path = System/Library/Frameworks/CFNetwork.framework; sourceTree = SDKROOT; };
		249AE7B81D5B07E200CADCE4 /* CoreGraphics.framework */ = {isa = PBXFileReference; lastKnownFileType = wrapper.framework; name = CoreGraphics.framework; path = System/Library/Frameworks/CoreGraphics.framework; sourceTree = SDKROOT; };
		249AE7BA1D5B07FA00CADCE4 /* CoreLocation.framework */ = {isa = PBXFileReference; lastKnownFileType = wrapper.framework; name = CoreLocation.framework; path = System/Library/Frameworks/CoreLocation.framework; sourceTree = SDKROOT; };
		249AE7BC1D5B080C00CADCE4 /* QuartzCore.framework */ = {isa = PBXFileReference; lastKnownFileType = wrapper.framework; name = QuartzCore.framework; path = System/Library/Frameworks/QuartzCore.framework; sourceTree = SDKROOT; };
		249AE7BE1D5B081E00CADCE4 /* Security.framework */ = {isa = PBXFileReference; lastKnownFileType = wrapper.framework; name = Security.framework; path = System/Library/Frameworks/Security.framework; sourceTree = SDKROOT; };
		249AE7C01D5B083100CADCE4 /* StoreKit.framework */ = {isa = PBXFileReference; lastKnownFileType = wrapper.framework; name = StoreKit.framework; path = System/Library/Frameworks/StoreKit.framework; sourceTree = SDKROOT; };
		249AE7C21D5B084200CADCE4 /* SystemConfiguration.framework */ = {isa = PBXFileReference; lastKnownFileType = wrapper.framework; name = SystemConfiguration.framework; path = System/Library/Frameworks/SystemConfiguration.framework; sourceTree = SDKROOT; };
		249AE7CB1D5C584E00CADCE4 /* signInViewController.swift */ = {isa = PBXFileReference; fileEncoding = 4; lastKnownFileType = sourcecode.swift; path = signInViewController.swift; sourceTree = "<group>"; };
		249AE7CD1D5C589300CADCE4 /* signUpViewController.swift */ = {isa = PBXFileReference; fileEncoding = 4; lastKnownFileType = sourcecode.swift; path = signUpViewController.swift; sourceTree = "<group>"; };
		249AE7CF1D5C58D900CADCE4 /* resetPasswordViewController.swift */ = {isa = PBXFileReference; fileEncoding = 4; lastKnownFileType = sourcecode.swift; path = resetPasswordViewController.swift; sourceTree = "<group>"; };
		24B20EB41D94500800D530ED /* Bolts.framework */ = {isa = PBXFileReference; lastKnownFileType = wrapper.framework; path = Bolts.framework; sourceTree = "<group>"; };
		24B20EB51D94500800D530ED /* Parse.framework */ = {isa = PBXFileReference; lastKnownFileType = wrapper.framework; path = Parse.framework; sourceTree = "<group>"; };
		24B20ED11D94D3F700D530ED /* CoreFoundation.framework */ = {isa = PBXFileReference; lastKnownFileType = wrapper.framework; name = CoreFoundation.framework; path = System/Library/Frameworks/CoreFoundation.framework; sourceTree = SDKROOT; };
/* End PBXFileReference section */

/* Begin PBXFrameworksBuildPhase section */
		249AE7791D5B073B00CADCE4 /* Frameworks */ = {
			isa = PBXFrameworksBuildPhase;
			buildActionMask = 2147483647;
			files = (
				24B20ED21D94D3F800D530ED /* CoreFoundation.framework in Frameworks */,
				249AE7C31D5B084200CADCE4 /* SystemConfiguration.framework in Frameworks */,
				249AE7C11D5B083100CADCE4 /* StoreKit.framework in Frameworks */,
				249AE7BF1D5B081E00CADCE4 /* Security.framework in Frameworks */,
				249AE7BD1D5B080C00CADCE4 /* QuartzCore.framework in Frameworks */,
				249AE7BB1D5B07FA00CADCE4 /* CoreLocation.framework in Frameworks */,
				249AE7B91D5B07E200CADCE4 /* CoreGraphics.framework in Frameworks */,
				249AE7B71D5B07D200CADCE4 /* CFNetwork.framework in Frameworks */,
				249AE7B51D5B07BE00CADCE4 /* AudioToolbox.framework in Frameworks */,
				24B20EB61D94500800D530ED /* Bolts.framework in Frameworks */,
				249AE7B31D5B07AF00CADCE4 /* libz.tbd in Frameworks */,
				24B20EB71D94500800D530ED /* Parse.framework in Frameworks */,
				249AE7B11D5B078C00CADCE4 /* libsqlite3.tbd in Frameworks */,
			);
			runOnlyForDeploymentPostprocessing = 0;
		};
		249AE7901D5B073B00CADCE4 /* Frameworks */ = {
			isa = PBXFrameworksBuildPhase;
			buildActionMask = 2147483647;
			files = (
				24B20EC81D94AFA100D530ED /* Parse.framework in Frameworks */,
				24B20EC61D94AF9700D530ED /* Bolts.framework in Frameworks */,
			);
			runOnlyForDeploymentPostprocessing = 0;
		};
		249AE79B1D5B073B00CADCE4 /* Frameworks */ = {
			isa = PBXFrameworksBuildPhase;
			buildActionMask = 2147483647;
			files = (
				24B20EC91D94AFA200D530ED /* Parse.framework in Frameworks */,
				24B20EC71D94AF9900D530ED /* Bolts.framework in Frameworks */,
			);
			runOnlyForDeploymentPostprocessing = 0;
		};
/* End PBXFrameworksBuildPhase section */

/* Begin PBXGroup section */
		245D39611D70BD8A00C3DA58 /* pacificoFonts */ = {
			isa = PBXGroup;
			children = (
				245D39631D70BD8A00C3DA58 /* SIL Open Font License.txt */,
			);
			path = pacificoFonts;
			sourceTree = "<group>";
		};
		249AE7731D5B073B00CADCE4 = {
			isa = PBXGroup;
			children = (
				249AE7B21D5B07AF00CADCE4 /* libz.tbd */,
				249AE7B01D5B078C00CADCE4 /* libsqlite3.tbd */,
				249AE77E1D5B073B00CADCE4 /* SocialChefTwoPointO */,
				249AE7961D5B073B00CADCE4 /* SocialChefTwoPointOTests */,
				249AE7A11D5B073B00CADCE4 /* SocialChefTwoPointOUITests */,
				249AE77D1D5B073B00CADCE4 /* Products */,
				249AE7CA1D5C57C600CADCE4 /* Frameworks */,
			);
			sourceTree = "<group>";
		};
		249AE77D1D5B073B00CADCE4 /* Products */ = {
			isa = PBXGroup;
			children = (
				249AE77C1D5B073B00CADCE4 /* SocialChefTwoPointO.app */,
				249AE7931D5B073B00CADCE4 /* SocialChefTwoPointOTests.xctest */,
				249AE79E1D5B073B00CADCE4 /* SocialChefTwoPointOUITests.xctest */,
			);
			name = Products;
			sourceTree = "<group>";
		};
		249AE77E1D5B073B00CADCE4 /* SocialChefTwoPointO */ = {
			isa = PBXGroup;
			children = (
				245D39721D89CBB800C3DA58 /* followersViewController.swift */,
				245D39761D91030300C3DA58 /* guestViewController.swift */,
				245D39741D89CBF100C3DA58 /* followersCell.swift */,
				245D396C1D81CBC600C3DA58 /* HomeViewController.swift */,
				245D396E1D81CC0300C3DA58 /* HeaderView.swift */,
				245D39701D81CF7300C3DA58 /* RecipeImageCell.swift */,
				249AE7CD1D5C589300CADCE4 /* signUpViewController.swift */,
				249AE7CB1D5C584E00CADCE4 /* signInViewController.swift */,
				249AE7CF1D5C58D900CADCE4 /* resetPasswordViewController.swift */,
				249AE77F1D5B073B00CADCE4 /* AppDelegate.swift */,
				249AE7831D5B073B00CADCE4 /* Main.storyboard */,
				249AE7891D5B073B00CADCE4 /* Assets.xcassets */,
				249AE78B1D5B073B00CADCE4 /* LaunchScreen.storyboard */,
				249AE78E1D5B073B00CADCE4 /* Info.plist */,
				249AE7861D5B073B00CADCE4 /* SocialChefTwoPointO.xcdatamodeld */,
				245D396A1D7F3DDF00C3DA58 /* signUpBg.jpg */,
				245D39621D70BD8A00C3DA58 /* Pacifico.ttf */,
				245D39661D70C20900C3DA58 /* bGSignIn.png */,
				245D39681D70C75600C3DA58 /* bGSC.jpg */,
				245D39611D70BD8A00C3DA58 /* pacificoFonts */,
			);
			path = SocialChefTwoPointO;
			sourceTree = "<group>";
		};
		249AE7961D5B073B00CADCE4 /* SocialChefTwoPointOTests */ = {
			isa = PBXGroup;
			children = (
				249AE7971D5B073B00CADCE4 /* SocialChefTwoPointOTests.swift */,
				249AE7991D5B073B00CADCE4 /* Info.plist */,
			);
			path = SocialChefTwoPointOTests;
			sourceTree = "<group>";
		};
		249AE7A11D5B073B00CADCE4 /* SocialChefTwoPointOUITests */ = {
			isa = PBXGroup;
			children = (
				249AE7A21D5B073B00CADCE4 /* SocialChefTwoPointOUITests.swift */,
				249AE7A41D5B073B00CADCE4 /* Info.plist */,
			);
			path = SocialChefTwoPointOUITests;
			sourceTree = "<group>";
		};
		249AE7CA1D5C57C600CADCE4 /* Frameworks */ = {
			isa = PBXGroup;
			children = (
				24B20ED11D94D3F700D530ED /* CoreFoundation.framework */,
				24B20EB41D94500800D530ED /* Bolts.framework */,
				24B20EB51D94500800D530ED /* Parse.framework */,
				249AE7C21D5B084200CADCE4 /* SystemConfiguration.framework */,
				249AE7C01D5B083100CADCE4 /* StoreKit.framework */,
				249AE7BE1D5B081E00CADCE4 /* Security.framework */,
				249AE7BC1D5B080C00CADCE4 /* QuartzCore.framework */,
				249AE7BA1D5B07FA00CADCE4 /* CoreLocation.framework */,
				249AE7B81D5B07E200CADCE4 /* CoreGraphics.framework */,
				249AE7B61D5B07D200CADCE4 /* CFNetwork.framework */,
				249AE7B41D5B07BE00CADCE4 /* AudioToolbox.framework */,
			);
			name = Frameworks;
			path = SocialChefTwoPointO;
			sourceTree = "<group>";
		};
/* End PBXGroup section */

/* Begin PBXNativeTarget section */
		249AE77B1D5B073B00CADCE4 /* SocialChefTwoPointO */ = {
			isa = PBXNativeTarget;
			buildConfigurationList = 249AE7A71D5B073B00CADCE4 /* Build configuration list for PBXNativeTarget "SocialChefTwoPointO" */;
			buildPhases = (
				249AE7781D5B073B00CADCE4 /* Sources */,
				249AE7791D5B073B00CADCE4 /* Frameworks */,
				249AE77A1D5B073B00CADCE4 /* Resources */,
			);
			buildRules = (
			);
			dependencies = (
			);
			name = SocialChefTwoPointO;
			productName = SocialChefTwoPointO;
			productReference = 249AE77C1D5B073B00CADCE4 /* SocialChefTwoPointO.app */;
			productType = "com.apple.product-type.application";
		};
		249AE7921D5B073B00CADCE4 /* SocialChefTwoPointOTests */ = {
			isa = PBXNativeTarget;
			buildConfigurationList = 249AE7AA1D5B073B00CADCE4 /* Build configuration list for PBXNativeTarget "SocialChefTwoPointOTests" */;
			buildPhases = (
				249AE78F1D5B073B00CADCE4 /* Sources */,
				249AE7901D5B073B00CADCE4 /* Frameworks */,
				249AE7911D5B073B00CADCE4 /* Resources */,
			);
			buildRules = (
			);
			dependencies = (
				249AE7951D5B073B00CADCE4 /* PBXTargetDependency */,
			);
			name = SocialChefTwoPointOTests;
			productName = SocialChefTwoPointOTests;
			productReference = 249AE7931D5B073B00CADCE4 /* SocialChefTwoPointOTests.xctest */;
			productType = "com.apple.product-type.bundle.unit-test";
		};
		249AE79D1D5B073B00CADCE4 /* SocialChefTwoPointOUITests */ = {
			isa = PBXNativeTarget;
			buildConfigurationList = 249AE7AD1D5B073B00CADCE4 /* Build configuration list for PBXNativeTarget "SocialChefTwoPointOUITests" */;
			buildPhases = (
				249AE79A1D5B073B00CADCE4 /* Sources */,
				249AE79B1D5B073B00CADCE4 /* Frameworks */,
				249AE79C1D5B073B00CADCE4 /* Resources */,
			);
			buildRules = (
			);
			dependencies = (
				249AE7A01D5B073B00CADCE4 /* PBXTargetDependency */,
			);
			name = SocialChefTwoPointOUITests;
			productName = SocialChefTwoPointOUITests;
			productReference = 249AE79E1D5B073B00CADCE4 /* SocialChefTwoPointOUITests.xctest */;
			productType = "com.apple.product-type.bundle.ui-testing";
		};
/* End PBXNativeTarget section */

/* Begin PBXProject section */
		249AE7741D5B073B00CADCE4 /* Project object */ = {
			isa = PBXProject;
			attributes = {
				LastSwiftUpdateCheck = 0730;
				LastUpgradeCheck = 0800;
				ORGANIZATIONNAME = "Matthew Darke";
				TargetAttributes = {
					249AE77B1D5B073B00CADCE4 = {
						CreatedOnToolsVersion = 7.3.1;
						DevelopmentTeam = DUTJGRZM3B;
						LastSwiftMigration = 0800;
					};
					249AE7921D5B073B00CADCE4 = {
						CreatedOnToolsVersion = 7.3.1;
						LastSwiftMigration = 0800;
						TestTargetID = 249AE77B1D5B073B00CADCE4;
					};
					249AE79D1D5B073B00CADCE4 = {
						CreatedOnToolsVersion = 7.3.1;
						LastSwiftMigration = 0800;
						TestTargetID = 249AE77B1D5B073B00CADCE4;
					};
				};
			};
			buildConfigurationList = 249AE7771D5B073B00CADCE4 /* Build configuration list for PBXProject "SocialChefTwoPointO" */;
			compatibilityVersion = "Xcode 3.2";
			developmentRegion = English;
			hasScannedForEncodings = 0;
			knownRegions = (
				en,
				Base,
			);
			mainGroup = 249AE7731D5B073B00CADCE4;
			productRefGroup = 249AE77D1D5B073B00CADCE4 /* Products */;
			projectDirPath = "";
			projectRoot = "";
			targets = (
				249AE77B1D5B073B00CADCE4 /* SocialChefTwoPointO */,
				249AE7921D5B073B00CADCE4 /* SocialChefTwoPointOTests */,
				249AE79D1D5B073B00CADCE4 /* SocialChefTwoPointOUITests */,
			);
		};
/* End PBXProject section */

/* Begin PBXResourcesBuildPhase section */
		249AE77A1D5B073B00CADCE4 /* Resources */ = {
			isa = PBXResourcesBuildPhase;
			buildActionMask = 2147483647;
			files = (
				245D39671D70C20900C3DA58 /* bGSignIn.png in Resources */,
				249AE78D1D5B073B00CADCE4 /* LaunchScreen.storyboard in Resources */,
				245D396B1D7F3DDF00C3DA58 /* signUpBg.jpg in Resources */,
				245D39651D70BD8A00C3DA58 /* SIL Open Font License.txt in Resources */,
				249AE78A1D5B073B00CADCE4 /* Assets.xcassets in Resources */,
				245D39691D70C75600C3DA58 /* bGSC.jpg in Resources */,
				245D39641D70BD8A00C3DA58 /* Pacifico.ttf in Resources */,
				249AE7851D5B073B00CADCE4 /* Main.storyboard in Resources */,
			);
			runOnlyForDeploymentPostprocessing = 0;
		};
		249AE7911D5B073B00CADCE4 /* Resources */ = {
			isa = PBXResourcesBuildPhase;
			buildActionMask = 2147483647;
			files = (
			);
			runOnlyForDeploymentPostprocessing = 0;
		};
		249AE79C1D5B073B00CADCE4 /* Resources */ = {
			isa = PBXResourcesBuildPhase;
			buildActionMask = 2147483647;
			files = (
			);
			runOnlyForDeploymentPostprocessing = 0;
		};
/* End PBXResourcesBuildPhase section */

/* Begin PBXSourcesBuildPhase section */
		249AE7781D5B073B00CADCE4 /* Sources */ = {
			isa = PBXSourcesBuildPhase;
			buildActionMask = 2147483647;
			files = (
				249AE7881D5B073B00CADCE4 /* SocialChefTwoPointO.xcdatamodeld in Sources */,
				245D39771D91030300C3DA58 /* guestViewController.swift in Sources */,
				249AE7CC1D5C584E00CADCE4 /* signInViewController.swift in Sources */,
				24B20ECE1D94BB4700D530ED /* signUpViewController.swift in Sources */,
				245D39711D81CF7300C3DA58 /* RecipeImageCell.swift in Sources */,
				249AE7D01D5C58D900CADCE4 /* resetPasswordViewController.swift in Sources */,
				245D39731D89CBB800C3DA58 /* followersViewController.swift in Sources */,
				249AE7801D5B073B00CADCE4 /* AppDelegate.swift in Sources */,
				245D39751D89CBF100C3DA58 /* followersCell.swift in Sources */,
				245D396D1D81CBC600C3DA58 /* HomeViewController.swift in Sources */,
				245D396F1D81CC0300C3DA58 /* HeaderView.swift in Sources */,
			);
			runOnlyForDeploymentPostprocessing = 0;
		};
		249AE78F1D5B073B00CADCE4 /* Sources */ = {
			isa = PBXSourcesBuildPhase;
			buildActionMask = 2147483647;
			files = (
				249AE7981D5B073B00CADCE4 /* SocialChefTwoPointOTests.swift in Sources */,
			);
			runOnlyForDeploymentPostprocessing = 0;
		};
		249AE79A1D5B073B00CADCE4 /* Sources */ = {
			isa = PBXSourcesBuildPhase;
			buildActionMask = 2147483647;
			files = (
				249AE7A31D5B073B00CADCE4 /* SocialChefTwoPointOUITests.swift in Sources */,
			);
			runOnlyForDeploymentPostprocessing = 0;
		};
/* End PBXSourcesBuildPhase section */

/* Begin PBXTargetDependency section */
		249AE7951D5B073B00CADCE4 /* PBXTargetDependency */ = {
			isa = PBXTargetDependency;
			target = 249AE77B1D5B073B00CADCE4 /* SocialChefTwoPointO */;
			targetProxy = 249AE7941D5B073B00CADCE4 /* PBXContainerItemProxy */;
		};
		249AE7A01D5B073B00CADCE4 /* PBXTargetDependency */ = {
			isa = PBXTargetDependency;
			target = 249AE77B1D5B073B00CADCE4 /* SocialChefTwoPointO */;
			targetProxy = 249AE79F1D5B073B00CADCE4 /* PBXContainerItemProxy */;
		};
/* End PBXTargetDependency section */

/* Begin PBXVariantGroup section */
		249AE7831D5B073B00CADCE4 /* Main.storyboard */ = {
			isa = PBXVariantGroup;
			children = (
				249AE7841D5B073B00CADCE4 /* Base */,
			);
			name = Main.storyboard;
			sourceTree = "<group>";
		};
		249AE78B1D5B073B00CADCE4 /* LaunchScreen.storyboard */ = {
			isa = PBXVariantGroup;
			children = (
				249AE78C1D5B073B00CADCE4 /* Base */,
			);
			name = LaunchScreen.storyboard;
			sourceTree = "<group>";
		};
/* End PBXVariantGroup section */

/* Begin XCBuildConfiguration section */
		249AE7A51D5B073B00CADCE4 /* Debug */ = {
			isa = XCBuildConfiguration;
			buildSettings = {
				ALWAYS_SEARCH_USER_PATHS = NO;
				CLANG_ANALYZER_NONNULL = YES;
				CLANG_CXX_LANGUAGE_STANDARD = "gnu++0x";
				CLANG_CXX_LIBRARY = "libc++";
				CLANG_ENABLE_MODULES = YES;
				CLANG_ENABLE_OBJC_ARC = YES;
				CLANG_WARN_BOOL_CONVERSION = YES;
				CLANG_WARN_CONSTANT_CONVERSION = YES;
				CLANG_WARN_DIRECT_OBJC_ISA_USAGE = YES_ERROR;
				CLANG_WARN_EMPTY_BODY = YES;
				CLANG_WARN_ENUM_CONVERSION = YES;
				CLANG_WARN_INFINITE_RECURSION = YES;
				CLANG_WARN_INT_CONVERSION = YES;
				CLANG_WARN_OBJC_ROOT_CLASS = YES_ERROR;
				CLANG_WARN_SUSPICIOUS_MOVE = YES;
				CLANG_WARN_UNREACHABLE_CODE = YES;
				CLANG_WARN__DUPLICATE_METHOD_MATCH = YES;
				"CODE_SIGN_IDENTITY[sdk=iphoneos*]" = "iPhone Developer";
				COPY_PHASE_STRIP = NO;
				DEBUG_INFORMATION_FORMAT = dwarf;
				ENABLE_STRICT_OBJC_MSGSEND = YES;
				ENABLE_TESTABILITY = YES;
				GCC_C_LANGUAGE_STANDARD = gnu99;
				GCC_DYNAMIC_NO_PIC = NO;
				GCC_NO_COMMON_BLOCKS = YES;
				GCC_OPTIMIZATION_LEVEL = 0;
				GCC_PREPROCESSOR_DEFINITIONS = (
					"DEBUG=1",
					"$(inherited)",
				);
				GCC_WARN_64_TO_32_BIT_CONVERSION = YES;
				GCC_WARN_ABOUT_RETURN_TYPE = YES_ERROR;
				GCC_WARN_UNDECLARED_SELECTOR = YES;
				GCC_WARN_UNINITIALIZED_AUTOS = YES_AGGRESSIVE;
				GCC_WARN_UNUSED_FUNCTION = YES;
				GCC_WARN_UNUSED_VARIABLE = YES;
				IPHONEOS_DEPLOYMENT_TARGET = 10.0;
				MTL_ENABLE_DEBUG_INFO = YES;
				ONLY_ACTIVE_ARCH = YES;
				SDKROOT = iphoneos10.0;
				SWIFT_OPTIMIZATION_LEVEL = "-Onone";
				TARGETED_DEVICE_FAMILY = "1,2";
			};
			name = Debug;
		};
		249AE7A61D5B073B00CADCE4 /* Release */ = {
			isa = XCBuildConfiguration;
			buildSettings = {
				ALWAYS_SEARCH_USER_PATHS = NO;
				CLANG_ANALYZER_NONNULL = YES;
				CLANG_CXX_LANGUAGE_STANDARD = "gnu++0x";
				CLANG_CXX_LIBRARY = "libc++";
				CLANG_ENABLE_MODULES = YES;
				CLANG_ENABLE_OBJC_ARC = YES;
				CLANG_WARN_BOOL_CONVERSION = YES;
				CLANG_WARN_CONSTANT_CONVERSION = YES;
				CLANG_WARN_DIRECT_OBJC_ISA_USAGE = YES_ERROR;
				CLANG_WARN_EMPTY_BODY = YES;
				CLANG_WARN_ENUM_CONVERSION = YES;
				CLANG_WARN_INFINITE_RECURSION = YES;
				CLANG_WARN_INT_CONVERSION = YES;
				CLANG_WARN_OBJC_ROOT_CLASS = YES_ERROR;
				CLANG_WARN_SUSPICIOUS_MOVE = YES;
				CLANG_WARN_UNREACHABLE_CODE = YES;
				CLANG_WARN__DUPLICATE_METHOD_MATCH = YES;
				"CODE_SIGN_IDENTITY[sdk=iphoneos*]" = "iPhone Developer";
				COPY_PHASE_STRIP = NO;
				DEBUG_INFORMATION_FORMAT = "dwarf-with-dsym";
				ENABLE_NS_ASSERTIONS = NO;
				ENABLE_STRICT_OBJC_MSGSEND = YES;
				GCC_C_LANGUAGE_STANDARD = gnu99;
				GCC_NO_COMMON_BLOCKS = YES;
				GCC_WARN_64_TO_32_BIT_CONVERSION = YES;
				GCC_WARN_ABOUT_RETURN_TYPE = YES_ERROR;
				GCC_WARN_UNDECLARED_SELECTOR = YES;
				GCC_WARN_UNINITIALIZED_AUTOS = YES_AGGRESSIVE;
				GCC_WARN_UNUSED_FUNCTION = YES;
				GCC_WARN_UNUSED_VARIABLE = YES;
				IPHONEOS_DEPLOYMENT_TARGET = 10.0;
				MTL_ENABLE_DEBUG_INFO = NO;
				SDKROOT = iphoneos10.0;
				SWIFT_OPTIMIZATION_LEVEL = "-Owholemodule";
				TARGETED_DEVICE_FAMILY = "1,2";
				VALIDATE_PRODUCT = YES;
			};
			name = Release;
		};
		249AE7A81D5B073B00CADCE4 /* Debug */ = {
			isa = XCBuildConfiguration;
			buildSettings = {
				ASSETCATALOG_COMPILER_APPICON_NAME = AppIcon;
				DEVELOPMENT_TEAM = DUTJGRZM3B;
				FRAMEWORK_SEARCH_PATHS = (
					"$(inherited)",
					"$(PROJECT_DIR)",
					"$(PROJECT_DIR)/SocialChefTwoPointO",
				);
				INFOPLIST_FILE = SocialChefTwoPointO/Info.plist;
				IPHONEOS_DEPLOYMENT_TARGET = 10.0;
				LD_RUNPATH_SEARCH_PATHS = "$(inherited) @executable_path/Frameworks";
				PRODUCT_BUNDLE_IDENTIFIER = com.fullsail.demoApp.SocialChefTwoPointO;
				PRODUCT_NAME = "$(TARGET_NAME)";
				SWIFT_VERSION = 3.0;
				TARGETED_DEVICE_FAMILY = "1,2";
			};
			name = Debug;
		};
		249AE7A91D5B073B00CADCE4 /* Release */ = {
			isa = XCBuildConfiguration;
			buildSettings = {
				ASSETCATALOG_COMPILER_APPICON_NAME = AppIcon;
				DEVELOPMENT_TEAM = DUTJGRZM3B;
				FRAMEWORK_SEARCH_PATHS = (
					"$(inherited)",
					"$(PROJECT_DIR)",
					"$(PROJECT_DIR)/SocialChefTwoPointO",
				);
				INFOPLIST_FILE = SocialChefTwoPointO/Info.plist;
				IPHONEOS_DEPLOYMENT_TARGET = 10.0;
				LD_RUNPATH_SEARCH_PATHS = "$(inherited) @executable_path/Frameworks";
				PRODUCT_BUNDLE_IDENTIFIER = com.fullsail.demoApp.SocialChefTwoPointO;
				PRODUCT_NAME = "$(TARGET_NAME)";
				SWIFT_VERSION = 3.0;
				TARGETED_DEVICE_FAMILY = "1,2";
			};
			name = Release;
		};
		249AE7AB1D5B073B00CADCE4 /* Debug */ = {
			isa = XCBuildConfiguration;
			buildSettings = {
				BUNDLE_LOADER = "$(TEST_HOST)";
				FRAMEWORK_SEARCH_PATHS = (
					"$(inherited)",
					"$(PROJECT_DIR)/SocialChefTwoPointO",
				);
				INFOPLIST_FILE = SocialChefTwoPointOTests/Info.plist;
				LD_RUNPATH_SEARCH_PATHS = "$(inherited) @executable_path/Frameworks @loader_path/Frameworks";
				PRODUCT_BUNDLE_IDENTIFIER = com.fullsail.demoApp.SocialChefTwoPointOTests;
				PRODUCT_NAME = "$(TARGET_NAME)";
				SWIFT_VERSION = 3.0;
				TEST_HOST = "$(BUILT_PRODUCTS_DIR)/SocialChefTwoPointO.app/SocialChefTwoPointO";
			};
			name = Debug;
		};
		249AE7AC1D5B073B00CADCE4 /* Release */ = {
			isa = XCBuildConfiguration;
			buildSettings = {
				BUNDLE_LOADER = "$(TEST_HOST)";
				FRAMEWORK_SEARCH_PATHS = (
					"$(inherited)",
					"$(PROJECT_DIR)/SocialChefTwoPointO",
				);
				INFOPLIST_FILE = SocialChefTwoPointOTests/Info.plist;
				LD_RUNPATH_SEARCH_PATHS = "$(inherited) @executable_path/Frameworks @loader_path/Frameworks";
				PRODUCT_BUNDLE_IDENTIFIER = com.fullsail.demoApp.SocialChefTwoPointOTests;
				PRODUCT_NAME = "$(TARGET_NAME)";
				SWIFT_VERSION = 3.0;
				TEST_HOST = "$(BUILT_PRODUCTS_DIR)/SocialChefTwoPointO.app/SocialChefTwoPointO";
			};
			name = Release;
		};
		249AE7AE1D5B073B00CADCE4 /* Debug */ = {
			isa = XCBuildConfiguration;
			buildSettings = {
				FRAMEWORK_SEARCH_PATHS = (
					"$(inherited)",
					"$(PROJECT_DIR)/SocialChefTwoPointO",
				);
				INFOPLIST_FILE = SocialChefTwoPointOUITests/Info.plist;
				LD_RUNPATH_SEARCH_PATHS = "$(inherited) @executable_path/Frameworks @loader_path/Frameworks";
				PRODUCT_BUNDLE_IDENTIFIER = com.fullsail.demoApp.SocialChefTwoPointOUITests;
				PRODUCT_NAME = "$(TARGET_NAME)";
				SWIFT_VERSION = 3.0;
				TEST_TARGET_NAME = SocialChefTwoPointO;
			};
			name = Debug;
		};
		249AE7AF1D5B073B00CADCE4 /* Release */ = {
			isa = XCBuildConfiguration;
			buildSettings = {
				FRAMEWORK_SEARCH_PATHS = (
					"$(inherited)",
					"$(PROJECT_DIR)/SocialChefTwoPointO",
				);
				INFOPLIST_FILE = SocialChefTwoPointOUITests/Info.plist;
				LD_RUNPATH_SEARCH_PATHS = "$(inherited) @executable_path/Frameworks @loader_path/Frameworks";
				PRODUCT_BUNDLE_IDENTIFIER = com.fullsail.demoApp.SocialChefTwoPointOUITests;
				PRODUCT_NAME = "$(TARGET_NAME)";
				SWIFT_VERSION = 3.0;
				TEST_TARGET_NAME = SocialChefTwoPointO;
			};
			name = Release;
		};
/* End XCBuildConfiguration section */

/* Begin XCConfigurationList section */
		249AE7771D5B073B00CADCE4 /* Build configuration list for PBXProject "SocialChefTwoPointO" */ = {
			isa = XCConfigurationList;
			buildConfigurations = (
				249AE7A51D5B073B00CADCE4 /* Debug */,
				249AE7A61D5B073B00CADCE4 /* Release */,
			);
			defaultConfigurationIsVisible = 0;
			defaultConfigurationName = Release;
		};
		249AE7A71D5B073B00CADCE4 /* Build configuration list for PBXNativeTarget "SocialChefTwoPointO" */ = {
			isa = XCConfigurationList;
			buildConfigurations = (
				249AE7A81D5B073B00CADCE4 /* Debug */,
				249AE7A91D5B073B00CADCE4 /* Release */,
			);
			defaultConfigurationIsVisible = 0;
			defaultConfigurationName = Release;
		};
		249AE7AA1D5B073B00CADCE4 /* Build configuration list for PBXNativeTarget "SocialChefTwoPointOTests" */ = {
			isa = XCConfigurationList;
			buildConfigurations = (
				249AE7AB1D5B073B00CADCE4 /* Debug */,
				249AE7AC1D5B073B00CADCE4 /* Release */,
			);
			defaultConfigurationIsVisible = 0;
			defaultConfigurationName = Release;
		};
		249AE7AD1D5B073B00CADCE4 /* Build configuration list for PBXNativeTarget "SocialChefTwoPointOUITests" */ = {
			isa = XCConfigurationList;
			buildConfigurations = (
				249AE7AE1D5B073B00CADCE4 /* Debug */,
				249AE7AF1D5B073B00CADCE4 /* Release */,
			);
			defaultConfigurationIsVisible = 0;
			defaultConfigurationName = Release;
		};
/* End XCConfigurationList section */

/* Begin XCVersionGroup section */
		249AE7861D5B073B00CADCE4 /* SocialChefTwoPointO.xcdatamodeld */ = {
			isa = XCVersionGroup;
			children = (
				249AE7871D5B073B00CADCE4 /* SocialChefTwoPointO.xcdatamodel */,
			);
			currentVersion = 249AE7871D5B073B00CADCE4 /* SocialChefTwoPointO.xcdatamodel */;
			path = SocialChefTwoPointO.xcdatamodeld;
			sourceTree = "<group>";
			versionGroupType = wrapper.xcdatamodel;
		};
/* End XCVersionGroup section */
	};
	rootObject = 249AE7741D5B073B00CADCE4 /* Project object */;
}
